
Microsoft Visual Studio Solution File, Format Version 12.00
# Visual Studio Version 17
VisualStudioVersion = 17.5.33627.172
MinimumVisualStudioVersion = 10.0.40219.1
Project("{FAE04EC0-301F-11D3-BF4B-00C04F79EFBC}") = "mvc", "mvc\mvc.csproj", "{752788F5-7845-4B30-80C0-A9C28117A274}"
EndProject
Global
	GlobalSection(SolutionConfigurationPlatforms) = preSolution
		Debug|Any CPU = Debug|Any CPU
		Release|Any CPU = Release|Any CPU
	EndGlobalSection
	GlobalSection(ProjectConfigurationPlatforms) = postSolution
		{752788F5-7845-4B30-80C0-A9C28117A274}.Debug|Any CPU.ActiveCfg = Debug|Any CPU
		{752788F5-7845-4B30-80C0-A9C28117A274}.Debug|Any CPU.Build.0 = Debug|Any CPU
		{752788F5-7845-4B30-80C0-A9C28117A274}.Release|Any CPU.ActiveCfg = Release|Any CPU
		{752788F5-7845-4B30-80C0-A9C28117A274}.Release|Any CPU.Build.0 = Release|Any CPU
	EndGlobalSection
	GlobalSection(SolutionProperties) = preSolution
		HideSolutionNode = FALSE
	EndGlobalSection
	GlobalSection(ExtensibilityGlobals) = postSolution
		SolutionGuid = {1F90927D-7399-4955-9B85-4F269106EC8C}
	EndGlobalSection
EndGlobal
